
Microsoft Visual Studio Solution File, Format Version 12.00
# Visual Studio Version 16
VisualStudioVersion = 16.0.31624.102
MinimumVisualStudioVersion = 10.0.40219.1
Project("{8BC9CEB8-8B4A-11D0-8D11-00A0C91BC942}") = "l01", "l01.vcxproj", "{A9B518BE-03D8-4D33-B06C-219A6AC85D6E}"
EndProject
Global
	GlobalSection(SolutionConfigurationPlatforms) = preSolution
		Debug|x64 = Debug|x64
		Debug|x86 = Debug|x86
		Release|x64 = Release|x64
		Release|x86 = Release|x86
	EndGlobalSection
	GlobalSection(ProjectConfigurationPlatforms) = postSolution
		{A9B518BE-03D8-4D33-B06C-219A6AC85D6E}.Debug|x64.ActiveCfg = Debug|x64
		{A9B518BE-03D8-4D33-B06C-219A6AC85D6E}.Debug|x64.Build.0 = Debug|x64
		{A9B518BE-03D8-4D33-B06C-219A6AC85D6E}.Debug|x86.ActiveCfg = Debug|Win32
		{A9B518BE-03D8-4D33-B06C-219A6AC85D6E}.Debug|x86.Build.0 = Debug|Win32
		{A9B518BE-03D8-4D33-B06C-219A6AC85D6E}.Release|x64.ActiveCfg = Release|x64
		{A9B518BE-03D8-4D33-B06C-219A6AC85D6E}.Release|x64.Build.0 = Release|x64
		{A9B518BE-03D8-4D33-B06C-219A6AC85D6E}.Release|x86.ActiveCfg = Release|Win32
		{A9B518BE-03D8-4D33-B06C-219A6AC85D6E}.Release|x86.Build.0 = Release|Win32
	EndGlobalSection
	GlobalSection(SolutionProperties) = preSolution
		HideSolutionNode = FALSE
	EndGlobalSection
	GlobalSection(ExtensibilityGlobals) = postSolution
		SolutionGuid = {0AFBC041-06AA-48AD-A913-BD95662C4098}
	EndGlobalSection
EndGlobal
